
Microsoft Visual Studio Solution File, Format Version 12.00
# Visual Studio Version 17
VisualStudioVersion = 17.11.35219.272
MinimumVisualStudioVersion = 10.0.40219.1
Project("{FAE04EC0-301F-11D3-BF4B-00C04F79EFBC}") = "LoggerDowntimeTable", "LoggerDowntimeTable\LoggerDowntimeTable.csproj", "{2BBD12B1-C394-40A5-AF54-4209FA7192ED}"
EndProject
Global
	GlobalSection(SolutionConfigurationPlatforms) = preSolution
		Debug|Any CPU = Debug|Any CPU
		Release|Any CPU = Release|Any CPU
	EndGlobalSection
	GlobalSection(ProjectConfigurationPlatforms) = postSolution
		{2BBD12B1-C394-40A5-AF54-4209FA7192ED}.Debug|Any CPU.ActiveCfg = Debug|Any CPU
		{2BBD12B1-C394-40A5-AF54-4209FA7192ED}.Debug|Any CPU.Build.0 = Debug|Any CPU
		{2BBD12B1-C394-40A5-AF54-4209FA7192ED}.Release|Any CPU.ActiveCfg = Release|Any CPU
		{2BBD12B1-C394-40A5-AF54-4209FA7192ED}.Release|Any CPU.Build.0 = Release|Any CPU
	EndGlobalSection
	GlobalSection(SolutionProperties) = preSolution
		HideSolutionNode = FALSE
	EndGlobalSection
	GlobalSection(ExtensibilityGlobals) = postSolution
		SolutionGuid = {8863CE06-BB3B-4D0E-A836-3DA3A4D8DEA5}
	EndGlobalSection
EndGlobal
